{
  "name": "node-checker",
  "version": "1.0.0",
  "lockfileVersion": 3,
  "requires": true,
  "packages": {
    "": {
      "name": "node-checker",
      "version": "1.0.0",
      "dependencies": {
        "@blaze-repo/node-devkit": "file:../../../../../node/devkit",
        "chance": "^1.1.11"
      },
      "devDependencies": {
        "@types/chance": "^1.1.5",
        "@types/node": "^18.15.11",
        "typescript": "^5.2.2"
      }
    },
    "../../../../../node/devkit": {
      "name": "@blaze-repo/node-devkit",
      "version": "0.2.11",
      "license": "MIT",
      "dependencies": {
        "zod": "^3.22.4"
      },
      "devDependencies": {
        "eslint": "^9.9.0",
        "eslint-config-rnz-main": "^1.0.4",
        "eslint-config-rnz-node": "^1.0.3",
        "typescript": "^5.5.2"
      }
    },
    "node_modules/@blaze-repo/node-devkit": {
      "resolved": "../../../../../node/devkit",
      "link": true
    },
    "node_modules/@types/chance": {
      "version": "1.1.5",
      "resolved": "https://registry.npmjs.org/@types/chance/-/chance-1.1.5.tgz",
      "integrity": "sha512-aeEqLplovJlvHzbb9pFJw/pe7iGjPnhDFQmQ4MOoShCm3N09rCpU++A0WPCSavcMXAzc91ofRy3vXbIqLzn1aw==",
      "dev": true
    },
    "node_modules/@types/node": {
      "version": "18.18.6",
      "resolved": "https://registry.npmjs.org/@types/node/-/node-18.18.6.tgz",
      "integrity": "sha512-wf3Vz+jCmOQ2HV1YUJuCWdL64adYxumkrxtc+H1VUQlnQI04+5HtH+qZCOE21lBE7gIrt+CwX2Wv8Acrw5Ak6w==",
      "dev": true
    },
    "node_modules/chance": {
      "version": "1.1.11",
      "resolved": "https://registry.npmjs.org/chance/-/chance-1.1.11.tgz",
      "integrity": "sha512-kqTg3WWywappJPqtgrdvbA380VoXO2eu9VCV895JgbyHsaErXdyHK9LOZ911OvAk6L0obK7kDk9CGs8+oBawVA=="
    },
    "node_modules/typescript": {
      "version": "5.2.2",
      "resolved": "https://registry.npmjs.org/typescript/-/typescript-5.2.2.tgz",
      "integrity": "sha512-mI4WrpHsbCIcwT9cF4FZvr80QUeKvsUsUvKDoR+X/7XHQH98xYD8YHZg7ANtz2GtZt/CBq2QJ0thkGJMHfqc1w==",
      "dev": true,
      "bin": {
        "tsc": "bin/tsc",
        "tsserver": "bin/tsserver"
      },
      "engines": {
        "node": ">=14.17"
      }
    }
  }
}
